
Microsoft Visual Studio Solution File, Format Version 12.00
# Visual Studio Version 17
VisualStudioVersion = 17.0.32112.339
MinimumVisualStudioVersion = 10.0.40219.1
Project("{FAE04EC0-301F-11D3-BF4B-00C04F79EFBC}") = "DbFirst_MVCProject_1", "DbFirst_MVCProject_1\DbFirst_MVCProject_1.csproj", "{63F69CD8-C8BA-41E8-AA74-A7E2D7987518}"
EndProject
Global
	GlobalSection(SolutionConfigurationPlatforms) = preSolution
		Debug|Any CPU = Debug|Any CPU
		Release|Any CPU = Release|Any CPU
	EndGlobalSection
	GlobalSection(ProjectConfigurationPlatforms) = postSolution
		{63F69CD8-C8BA-41E8-AA74-A7E2D7987518}.Debug|Any CPU.ActiveCfg = Debug|Any CPU
		{63F69CD8-C8BA-41E8-AA74-A7E2D7987518}.Debug|Any CPU.Build.0 = Debug|Any CPU
		{63F69CD8-C8BA-41E8-AA74-A7E2D7987518}.Release|Any CPU.ActiveCfg = Release|Any CPU
		{63F69CD8-C8BA-41E8-AA74-A7E2D7987518}.Release|Any CPU.Build.0 = Release|Any CPU
	EndGlobalSection
	GlobalSection(SolutionProperties) = preSolution
		HideSolutionNode = FALSE
	EndGlobalSection
	GlobalSection(ExtensibilityGlobals) = postSolution
		SolutionGuid = {2EFE8F12-87DD-48A7-AFF3-875DD99B2BE3}
	EndGlobalSection
EndGlobal
